
Microsoft Visual Studio Solution File, Format Version 12.00
# Visual Studio Version 17
VisualStudioVersion = 17.9.34728.123
MinimumVisualStudioVersion = 10.0.40219.1
Project("{FAE04EC0-301F-11D3-BF4B-00C04F79EFBC}") = "Lab 2_3", "Lab 2_3.csproj", "{5AFABC4C-5BEC-49EF-88B5-3A757E395449}"
EndProject
Global
	GlobalSection(SolutionConfigurationPlatforms) = preSolution
		Debug|Any CPU = Debug|Any CPU
		Release|Any CPU = Release|Any CPU
	EndGlobalSection
	GlobalSection(ProjectConfigurationPlatforms) = postSolution
		{5AFABC4C-5BEC-49EF-88B5-3A757E395449}.Debug|Any CPU.ActiveCfg = Debug|Any CPU
		{5AFABC4C-5BEC-49EF-88B5-3A757E395449}.Debug|Any CPU.Build.0 = Debug|Any CPU
		{5AFABC4C-5BEC-49EF-88B5-3A757E395449}.Release|Any CPU.ActiveCfg = Release|Any CPU
		{5AFABC4C-5BEC-49EF-88B5-3A757E395449}.Release|Any CPU.Build.0 = Release|Any CPU
	EndGlobalSection
	GlobalSection(SolutionProperties) = preSolution
		HideSolutionNode = FALSE
	EndGlobalSection
	GlobalSection(ExtensibilityGlobals) = postSolution
		SolutionGuid = {1EE83F09-34CC-4496-AE68-C493A205F40B}
	EndGlobalSection
EndGlobal
